// !$*UTF8*$!
{
	archiveVersion = 1;
	classes = {
	};
	objectVersion = 50;
	objects = {

/* Begin PBXBuildFile section */
		5247EEF42420B499003E7756 /* BaseCoordinator.swift in Sources */ = {isa = PBXBuildFile; fileRef = 5247EEF32420B499003E7756 /* BaseCoordinator.swift */; };
		5247EEF62420B5FB003E7756 /* ApplicationCoordinator.swift in Sources */ = {isa = PBXBuildFile; fileRef = 5247EEF52420B5FB003E7756 /* ApplicationCoordinator.swift */; };
		5247EEF82420B696003E7756 /* MainCoordinator.swift in Sources */ = {isa = PBXBuildFile; fileRef = 5247EEF72420B696003E7756 /* MainCoordinator.swift */; };
		5247EEFA2420B712003E7756 /* MainViewController.swift in Sources */ = {isa = PBXBuildFile; fileRef = 5247EEF92420B712003E7756 /* MainViewController.swift */; };
		524E7F8B2420AE35005D1B27 /* AppDelegate.swift in Sources */ = {isa = PBXBuildFile; fileRef = 524E7F8A2420AE35005D1B27 /* AppDelegate.swift */; };
		524E7F912420AE36005D1B27 /* Assets.xcassets in Resources */ = {isa = PBXBuildFile; fileRef = 524E7F902420AE36005D1B27 /* Assets.xcassets */; };
		524E7F972420AE36005D1B27 /* LaunchScreen.storyboard in Resources */ = {isa = PBXBuildFile; fileRef = 524E7F952420AE36005D1B27 /* LaunchScreen.storyboard */; };
		524E7FA22420AE36005D1B27 /* TranslaterTests.swift in Sources */ = {isa = PBXBuildFile; fileRef = 524E7FA12420AE36005D1B27 /* TranslaterTests.swift */; };
		524E7FAD2420AE36005D1B27 /* TranslaterUITests.swift in Sources */ = {isa = PBXBuildFile; fileRef = 524E7FAC2420AE36005D1B27 /* TranslaterUITests.swift */; };
		5276E3F92423C1A6005C3C84 /* DescriptionViewController.swift in Sources */ = {isa = PBXBuildFile; fileRef = 5276E3F82423C1A6005C3C84 /* DescriptionViewController.swift */; };
		5276E3FC2424A8DC005C3C84 /* MockTranslateService.swift in Sources */ = {isa = PBXBuildFile; fileRef = 5276E3FB2424A8DC005C3C84 /* MockTranslateService.swift */; };
		528323DE2422431900D3D8BA /* SnapKit.framework in Frameworks */ = {isa = PBXBuildFile; fileRef = 528323DC2422431900D3D8BA /* SnapKit.framework */; };
		528323DF2422431900D3D8BA /* SnapKit.framework in Embed Frameworks */ = {isa = PBXBuildFile; fileRef = 528323DC2422431900D3D8BA /* SnapKit.framework */; settings = {ATTRIBUTES = (CodeSignOnCopy, RemoveHeadersOnCopy, ); }; };
		528323E02422431900D3D8BA /* Alamofire.framework in Frameworks */ = {isa = PBXBuildFile; fileRef = 528323DD2422431900D3D8BA /* Alamofire.framework */; };
		528323E12422431900D3D8BA /* Alamofire.framework in Embed Frameworks */ = {isa = PBXBuildFile; fileRef = 528323DD2422431900D3D8BA /* Alamofire.framework */; settings = {ATTRIBUTES = (CodeSignOnCopy, RemoveHeadersOnCopy, ); }; };
		528323E8242246DF00D3D8BA /* Environment.swift in Sources */ = {isa = PBXBuildFile; fileRef = 528323E7242246DF00D3D8BA /* Environment.swift */; };
		528323EA2422471C00D3D8BA /* EnvironmentImp.swift in Sources */ = {isa = PBXBuildFile; fileRef = 528323E92422471C00D3D8BA /* EnvironmentImp.swift */; };
		52C145202423484900C2C519 /* NetworkMethods.swift in Sources */ = {isa = PBXBuildFile; fileRef = 52C1451F2423484900C2C519 /* NetworkMethods.swift */; };
		52C145232423496E00C2C519 /* TranslateService.swift in Sources */ = {isa = PBXBuildFile; fileRef = 52C145222423496E00C2C519 /* TranslateService.swift */; };
		52F6D32224236DE200711ADE /* TranslateRouter.swift in Sources */ = {isa = PBXBuildFile; fileRef = 52F6D32124236DE200711ADE /* TranslateRouter.swift */; };
		52F6D32424236DEA00711ADE /* RequestRouter.swift in Sources */ = {isa = PBXBuildFile; fileRef = 52F6D32324236DEA00711ADE /* RequestRouter.swift */; };
		52F6D32724236E6A00711ADE /* NetworkModels.swift in Sources */ = {isa = PBXBuildFile; fileRef = 52F6D32624236E6A00711ADE /* NetworkModels.swift */; };
/* End PBXBuildFile section */

/* Begin PBXContainerItemProxy section */
		524E7F9E2420AE36005D1B27 /* PBXContainerItemProxy */ = {
			isa = PBXContainerItemProxy;
			containerPortal = 524E7F7F2420AE35005D1B27 /* Project object */;
			proxyType = 1;
			remoteGlobalIDString = 524E7F862420AE35005D1B27;
			remoteInfo = Translater;
		};
		524E7FA92420AE36005D1B27 /* PBXContainerItemProxy */ = {
			isa = PBXContainerItemProxy;
			containerPortal = 524E7F7F2420AE35005D1B27 /* Project object */;
			proxyType = 1;
			remoteGlobalIDString = 524E7F862420AE35005D1B27;
			remoteInfo = Translater;
		};
/* End PBXContainerItemProxy section */

/* Begin PBXCopyFilesBuildPhase section */
		528323E22422431900D3D8BA /* Embed Frameworks */ = {
			isa = PBXCopyFilesBuildPhase;
			buildActionMask = 2147483647;
			dstPath = "";
			dstSubfolderSpec = 10;
			files = (
				528323DF2422431900D3D8BA /* SnapKit.framework in Embed Frameworks */,
				528323E12422431900D3D8BA /* Alamofire.framework in Embed Frameworks */,
			);
			name = "Embed Frameworks";
			runOnlyForDeploymentPostprocessing = 0;
		};
/* End PBXCopyFilesBuildPhase section */

/* Begin PBXFileReference section */
		5247EEF32420B499003E7756 /* BaseCoordinator.swift */ = {isa = PBXFileReference; lastKnownFileType = sourcecode.swift; path = BaseCoordinator.swift; sourceTree = "<group>"; };
		5247EEF52420B5FB003E7756 /* ApplicationCoordinator.swift */ = {isa = PBXFileReference; lastKnownFileType = sourcecode.swift; path = ApplicationCoordinator.swift; sourceTree = "<group>"; };
		5247EEF72420B696003E7756 /* MainCoordinator.swift */ = {isa = PBXFileReference; lastKnownFileType = sourcecode.swift; path = MainCoordinator.swift; sourceTree = "<group>"; };
		5247EEF92420B712003E7756 /* MainViewController.swift */ = {isa = PBXFileReference; lastKnownFileType = sourcecode.swift; path = MainViewController.swift; sourceTree = "<group>"; };
		524E7F872420AE35005D1B27 /* Translater.app */ = {isa = PBXFileReference; explicitFileType = wrapper.application; includeInIndex = 0; path = Translater.app; sourceTree = BUILT_PRODUCTS_DIR; };
		524E7F8A2420AE35005D1B27 /* AppDelegate.swift */ = {isa = PBXFileReference; lastKnownFileType = sourcecode.swift; path = AppDelegate.swift; sourceTree = "<group>"; };
		524E7F902420AE36005D1B27 /* Assets.xcassets */ = {isa = PBXFileReference; lastKnownFileType = folder.assetcatalog; path = Assets.xcassets; sourceTree = "<group>"; };
		524E7F962420AE36005D1B27 /* Base */ = {isa = PBXFileReference; lastKnownFileType = file.storyboard; name = Base; path = Base.lproj/LaunchScreen.storyboard; sourceTree = "<group>"; };
		524E7F982420AE36005D1B27 /* Info.plist */ = {isa = PBXFileReference; lastKnownFileType = text.plist.xml; path = Info.plist; sourceTree = "<group>"; };
		524E7F9D2420AE36005D1B27 /* TranslaterTests.xctest */ = {isa = PBXFileReference; explicitFileType = wrapper.cfbundle; includeInIndex = 0; path = TranslaterTests.xctest; sourceTree = BUILT_PRODUCTS_DIR; };
		524E7FA12420AE36005D1B27 /* TranslaterTests.swift */ = {isa = PBXFileReference; lastKnownFileType = sourcecode.swift; path = TranslaterTests.swift; sourceTree = "<group>"; };
		524E7FA32420AE36005D1B27 /* Info.plist */ = {isa = PBXFileReference; lastKnownFileType = text.plist.xml; path = Info.plist; sourceTree = "<group>"; };
		524E7FA82420AE36005D1B27 /* TranslaterUITests.xctest */ = {isa = PBXFileReference; explicitFileType = wrapper.cfbundle; includeInIndex = 0; path = TranslaterUITests.xctest; sourceTree = BUILT_PRODUCTS_DIR; };
		524E7FAC2420AE36005D1B27 /* TranslaterUITests.swift */ = {isa = PBXFileReference; lastKnownFileType = sourcecode.swift; path = TranslaterUITests.swift; sourceTree = "<group>"; };
		524E7FAE2420AE36005D1B27 /* Info.plist */ = {isa = PBXFileReference; lastKnownFileType = text.plist.xml; path = Info.plist; sourceTree = "<group>"; };
		5276E3F82423C1A6005C3C84 /* DescriptionViewController.swift */ = {isa = PBXFileReference; lastKnownFileType = sourcecode.swift; path = DescriptionViewController.swift; sourceTree = "<group>"; };
		5276E3FB2424A8DC005C3C84 /* MockTranslateService.swift */ = {isa = PBXFileReference; lastKnownFileType = sourcecode.swift; path = MockTranslateService.swift; sourceTree = "<group>"; };
		528323DC2422431900D3D8BA /* SnapKit.framework */ = {isa = PBXFileReference; lastKnownFileType = wrapper.framework; name = SnapKit.framework; path = Carthage/Build/iOS/SnapKit.framework; sourceTree = "<group>"; };
		528323DD2422431900D3D8BA /* Alamofire.framework */ = {isa = PBXFileReference; lastKnownFileType = wrapper.framework; name = Alamofire.framework; path = Carthage/Build/iOS/Alamofire.framework; sourceTree = "<group>"; };
		528323E7242246DF00D3D8BA /* Environment.swift */ = {isa = PBXFileReference; lastKnownFileType = sourcecode.swift; path = Environment.swift; sourceTree = "<group>"; };
		528323E92422471C00D3D8BA /* EnvironmentImp.swift */ = {isa = PBXFileReference; lastKnownFileType = sourcecode.swift; path = EnvironmentImp.swift; sourceTree = "<group>"; };
		52C1451F2423484900C2C519 /* NetworkMethods.swift */ = {isa = PBXFileReference; lastKnownFileType = sourcecode.swift; path = NetworkMethods.swift; sourceTree = "<group>"; };
		52C145222423496E00C2C519 /* TranslateService.swift */ = {isa = PBXFileReference; lastKnownFileType = sourcecode.swift; path = TranslateService.swift; sourceTree = "<group>"; };
		52F6D32124236DE200711ADE /* TranslateRouter.swift */ = {isa = PBXFileReference; fileEncoding = 4; lastKnownFileType = sourcecode.swift; path = TranslateRouter.swift; sourceTree = "<group>"; };
		52F6D32324236DEA00711ADE /* RequestRouter.swift */ = {isa = PBXFileReference; fileEncoding = 4; lastKnownFileType = sourcecode.swift; path = RequestRouter.swift; sourceTree = "<group>"; };
		52F6D32624236E6A00711ADE /* NetworkModels.swift */ = {isa = PBXFileReference; lastKnownFileType = sourcecode.swift; path = NetworkModels.swift; sourceTree = "<group>"; };
/* End PBXFileReference section */

/* Begin PBXFrameworksBuildPhase section */
		524E7F842420AE35005D1B27 /* Frameworks */ = {
			isa = PBXFrameworksBuildPhase;
			buildActionMask = 2147483647;
			files = (
				528323DE2422431900D3D8BA /* SnapKit.framework in Frameworks */,
				528323E02422431900D3D8BA /* Alamofire.framework in Frameworks */,
			);
			runOnlyForDeploymentPostprocessing = 0;
		};
		524E7F9A2420AE36005D1B27 /* Frameworks */ = {
			isa = PBXFrameworksBuildPhase;
			buildActionMask = 2147483647;
			files = (
			);
			runOnlyForDeploymentPostprocessing = 0;
		};
		524E7FA52420AE36005D1B27 /* Frameworks */ = {
			isa = PBXFrameworksBuildPhase;
			buildActionMask = 2147483647;
			files = (
			);
			runOnlyForDeploymentPostprocessing = 0;
		};
/* End PBXFrameworksBuildPhase section */

/* Begin PBXGroup section */
		5247EEED2420B014003E7756 /* SupportingFiles */ = {
			isa = PBXGroup;
			children = (
				524E7F8A2420AE35005D1B27 /* AppDelegate.swift */,
				524E7F902420AE36005D1B27 /* Assets.xcassets */,
				524E7F982420AE36005D1B27 /* Info.plist */,
			);
			path = SupportingFiles;
			sourceTree = "<group>";
		};
		5247EEEE2420B0C0003E7756 /* Flows */ = {
			isa = PBXGroup;
			children = (
				5247EEEF2420B0C8003E7756 /* Launch */,
				5247EEF02420B0D2003E7756 /* Main */,
				5276E3F72423C18A005C3C84 /* Description */,
			);
			path = Flows;
			sourceTree = "<group>";
		};
		5247EEEF2420B0C8003E7756 /* Launch */ = {
			isa = PBXGroup;
			children = (
				524E7F952420AE36005D1B27 /* LaunchScreen.storyboard */,
			);
			path = Launch;
			sourceTree = "<group>";
		};
		5247EEF02420B0D2003E7756 /* Main */ = {
			isa = PBXGroup;
			children = (
				5247EEF92420B712003E7756 /* MainViewController.swift */,
			);
			path = Main;
			sourceTree = "<group>";
		};
		5247EEF12420B482003E7756 /* Core */ = {
			isa = PBXGroup;
			children = (
				5247EEF22420B488003E7756 /* Coordinators */,
			);
			path = Core;
			sourceTree = "<group>";
		};
		5247EEF22420B488003E7756 /* Coordinators */ = {
			isa = PBXGroup;
			children = (
				5247EEF32420B499003E7756 /* BaseCoordinator.swift */,
				5247EEF52420B5FB003E7756 /* ApplicationCoordinator.swift */,
				5247EEF72420B696003E7756 /* MainCoordinator.swift */,
			);
			path = Coordinators;
			sourceTree = "<group>";
		};
		524E7F7E2420AE35005D1B27 = {
			isa = PBXGroup;
			children = (
				524E7F892420AE35005D1B27 /* Translater */,
				524E7FA02420AE36005D1B27 /* TranslaterTests */,
				524E7FAB2420AE36005D1B27 /* TranslaterUITests */,
				524E7F882420AE35005D1B27 /* Products */,
				528323DB2422431900D3D8BA /* Frameworks */,
			);
			sourceTree = "<group>";
		};
		524E7F882420AE35005D1B27 /* Products */ = {
			isa = PBXGroup;
			children = (
				524E7F872420AE35005D1B27 /* Translater.app */,
				524E7F9D2420AE36005D1B27 /* TranslaterTests.xctest */,
				524E7FA82420AE36005D1B27 /* TranslaterUITests.xctest */,
			);
			name = Products;
			sourceTree = "<group>";
		};
		524E7F892420AE35005D1B27 /* Translater */ = {
			isa = PBXGroup;
			children = (
				528323E42422467A00D3D8BA /* Services */,
				5247EEF12420B482003E7756 /* Core */,
				5247EEEE2420B0C0003E7756 /* Flows */,
				5247EEED2420B014003E7756 /* SupportingFiles */,
			);
			path = Translater;
			sourceTree = "<group>";
		};
		524E7FA02420AE36005D1B27 /* TranslaterTests */ = {
			isa = PBXGroup;
			children = (
				524E7FA12420AE36005D1B27 /* TranslaterTests.swift */,
				524E7FA32420AE36005D1B27 /* Info.plist */,
				5276E3FA2424A886005C3C84 /* Mocks */,
			);
			path = TranslaterTests;
			sourceTree = "<group>";
		};
		524E7FAB2420AE36005D1B27 /* TranslaterUITests */ = {
			isa = PBXGroup;
			children = (
				524E7FAC2420AE36005D1B27 /* TranslaterUITests.swift */,
				524E7FAE2420AE36005D1B27 /* Info.plist */,
			);
			path = TranslaterUITests;
			sourceTree = "<group>";
		};
		5276E3F72423C18A005C3C84 /* Description */ = {
			isa = PBXGroup;
			children = (
				5276E3F82423C1A6005C3C84 /* DescriptionViewController.swift */,
			);
			path = Description;
			sourceTree = "<group>";
		};
		5276E3FA2424A886005C3C84 /* Mocks */ = {
			isa = PBXGroup;
			children = (
				5276E3FB2424A8DC005C3C84 /* MockTranslateService.swift */,
			);
			path = Mocks;
			sourceTree = "<group>";
		};
		528323DB2422431900D3D8BA /* Frameworks */ = {
			isa = PBXGroup;
			children = (
				528323DD2422431900D3D8BA /* Alamofire.framework */,
				528323DC2422431900D3D8BA /* SnapKit.framework */,
			);
			name = Frameworks;
			sourceTree = "<group>";
		};
		528323E42422467A00D3D8BA /* Services */ = {
			isa = PBXGroup;
			children = (
				528323E52422468200D3D8BA /* Network */,
			);
			path = Services;
			sourceTree = "<group>";
		};
		528323E52422468200D3D8BA /* Network */ = {
			isa = PBXGroup;
			children = (
				52F6D32024236DD000711ADE /* NetworkRouters */,
				52C145212423495B00C2C519 /* NetworkServices */,
				528323E6242246CB00D3D8BA /* Config */,
				52F6D32524236E5500711ADE /* NetworkModels */,
			);
			path = Network;
			sourceTree = "<group>";
		};
		528323E6242246CB00D3D8BA /* Config */ = {
			isa = PBXGroup;
			children = (
				528323E7242246DF00D3D8BA /* Environment.swift */,
				528323E92422471C00D3D8BA /* EnvironmentImp.swift */,
				52C1451F2423484900C2C519 /* NetworkMethods.swift */,
			);
			path = Config;
			sourceTree = "<group>";
		};
		52C145212423495B00C2C519 /* NetworkServices */ = {
			isa = PBXGroup;
			children = (
				52C145222423496E00C2C519 /* TranslateService.swift */,
			);
			path = NetworkServices;
			sourceTree = "<group>";
		};
		52F6D32024236DD000711ADE /* NetworkRouters */ = {
			isa = PBXGroup;
			children = (
				52F6D32324236DEA00711ADE /* RequestRouter.swift */,
				52F6D32124236DE200711ADE /* TranslateRouter.swift */,
			);
			path = NetworkRouters;
			sourceTree = "<group>";
		};
		52F6D32524236E5500711ADE /* NetworkModels */ = {
			isa = PBXGroup;
			children = (
				52F6D32624236E6A00711ADE /* NetworkModels.swift */,
			);
			path = NetworkModels;
			sourceTree = "<group>";
		};
/* End PBXGroup section */

/* Begin PBXNativeTarget section */
		524E7F862420AE35005D1B27 /* Translater */ = {
			isa = PBXNativeTarget;
			buildConfigurationList = 524E7FB12420AE36005D1B27 /* Build configuration list for PBXNativeTarget "Translater" */;
			buildPhases = (
				524E7F832420AE35005D1B27 /* Sources */,
				524E7F842420AE35005D1B27 /* Frameworks */,
				524E7F852420AE35005D1B27 /* Resources */,
				528323E22422431900D3D8BA /* Embed Frameworks */,
				528323E32422432700D3D8BA /* ShellScript */,
			);
			buildRules = (
			);
			dependencies = (
			);
			name = Translater;
			productName = Translater;
			productReference = 524E7F872420AE35005D1B27 /* Translater.app */;
			productType = "com.apple.product-type.application";
		};
		524E7F9C2420AE36005D1B27 /* TranslaterTests */ = {
			isa = PBXNativeTarget;
			buildConfigurationList = 524E7FB42420AE36005D1B27 /* Build configuration list for PBXNativeTarget "TranslaterTests" */;
			buildPhases = (
				524E7F992420AE36005D1B27 /* Sources */,
				524E7F9A2420AE36005D1B27 /* Frameworks */,
				524E7F9B2420AE36005D1B27 /* Resources */,
			);
			buildRules = (
			);
			dependencies = (
				524E7F9F2420AE36005D1B27 /* PBXTargetDependency */,
			);
			name = TranslaterTests;
			productName = TranslaterTests;
			productReference = 524E7F9D2420AE36005D1B27 /* TranslaterTests.xctest */;
			productType = "com.apple.product-type.bundle.unit-test";
		};
		524E7FA72420AE36005D1B27 /* TranslaterUITests */ = {
			isa = PBXNativeTarget;
			buildConfigurationList = 524E7FB72420AE36005D1B27 /* Build configuration list for PBXNativeTarget "TranslaterUITests" */;
			buildPhases = (
				524E7FA42420AE36005D1B27 /* Sources */,
				524E7FA52420AE36005D1B27 /* Frameworks */,
				524E7FA62420AE36005D1B27 /* Resources */,
			);
			buildRules = (
			);
			dependencies = (
				524E7FAA2420AE36005D1B27 /* PBXTargetDependency */,
			);
			name = TranslaterUITests;
			productName = TranslaterUITests;
			productReference = 524E7FA82420AE36005D1B27 /* TranslaterUITests.xctest */;
			productType = "com.apple.product-type.bundle.ui-testing";
		};
/* End PBXNativeTarget section */

/* Begin PBXProject section */
		524E7F7F2420AE35005D1B27 /* Project object */ = {
			isa = PBXProject;
			attributes = {
				LastSwiftUpdateCheck = 1130;
				LastUpgradeCheck = 1130;
				ORGANIZATIONNAME = Umbrella;
				TargetAttributes = {
					524E7F862420AE35005D1B27 = {
						CreatedOnToolsVersion = 11.3.1;
					};
					524E7F9C2420AE36005D1B27 = {
						CreatedOnToolsVersion = 11.3.1;
						TestTargetID = 524E7F862420AE35005D1B27;
					};
					524E7FA72420AE36005D1B27 = {
						CreatedOnToolsVersion = 11.3.1;
						TestTargetID = 524E7F862420AE35005D1B27;
					};
				};
			};
			buildConfigurationList = 524E7F822420AE35005D1B27 /* Build configuration list for PBXProject "Translater" */;
			compatibilityVersion = "Xcode 9.3";
			developmentRegion = en;
			hasScannedForEncodings = 0;
			knownRegions = (
				en,
				Base,
			);
			mainGroup = 524E7F7E2420AE35005D1B27;
			productRefGroup = 524E7F882420AE35005D1B27 /* Products */;
			projectDirPath = "";
			projectRoot = "";
			targets = (
				524E7F862420AE35005D1B27 /* Translater */,
				524E7F9C2420AE36005D1B27 /* TranslaterTests */,
				524E7FA72420AE36005D1B27 /* TranslaterUITests */,
			);
		};
/* End PBXProject section */

/* Begin PBXResourcesBuildPhase section */
		524E7F852420AE35005D1B27 /* Resources */ = {
			isa = PBXResourcesBuildPhase;
			buildActionMask = 2147483647;
			files = (
				524E7F972420AE36005D1B27 /* LaunchScreen.storyboard in Resources */,
				524E7F912420AE36005D1B27 /* Assets.xcassets in Resources */,
			);
			runOnlyForDeploymentPostprocessing = 0;
		};
		524E7F9B2420AE36005D1B27 /* Resources */ = {
			isa = PBXResourcesBuildPhase;
			buildActionMask = 2147483647;
			files = (
			);
			runOnlyForDeploymentPostprocessing = 0;
		};
		524E7FA62420AE36005D1B27 /* Resources */ = {
			isa = PBXResourcesBuildPhase;
			buildActionMask = 2147483647;
			files = (
			);
			runOnlyForDeploymentPostprocessing = 0;
		};
/* End PBXResourcesBuildPhase section */

/* Begin PBXShellScriptBuildPhase section */
		528323E32422432700D3D8BA /* ShellScript */ = {
			isa = PBXShellScriptBuildPhase;
			buildActionMask = 2147483647;
			files = (
			);
			inputFileListPaths = (
			);
			inputPaths = (
				"$(SRCROOT)/Carthage/Build/iOS/Alamofire.framework",
				"$(SRCROOT)/Carthage/Build/iOS/SnapKit.framework",
			);
			outputFileListPaths = (
			);
			outputPaths = (
			);
			runOnlyForDeploymentPostprocessing = 0;
			shellPath = /bin/sh;
			shellScript = "/usr/local/bin/carthage copy-frameworks\n";
		};
/* End PBXShellScriptBuildPhase section */

/* Begin PBXSourcesBuildPhase section */
		524E7F832420AE35005D1B27 /* Sources */ = {
			isa = PBXSourcesBuildPhase;
			buildActionMask = 2147483647;
			files = (
				52C145232423496E00C2C519 /* TranslateService.swift in Sources */,
				524E7F8B2420AE35005D1B27 /* AppDelegate.swift in Sources */,
				5276E3F92423C1A6005C3C84 /* DescriptionViewController.swift in Sources */,
				528323E8242246DF00D3D8BA /* Environment.swift in Sources */,
				52F6D32224236DE200711ADE /* TranslateRouter.swift in Sources */,
				52F6D32724236E6A00711ADE /* NetworkModels.swift in Sources */,
				5247EEF82420B696003E7756 /* MainCoordinator.swift in Sources */,
				5247EEF42420B499003E7756 /* BaseCoordinator.swift in Sources */,
				52F6D32424236DEA00711ADE /* RequestRouter.swift in Sources */,
				528323EA2422471C00D3D8BA /* EnvironmentImp.swift in Sources */,
				52C145202423484900C2C519 /* NetworkMethods.swift in Sources */,
				5247EEF62420B5FB003E7756 /* ApplicationCoordinator.swift in Sources */,
				5247EEFA2420B712003E7756 /* MainViewController.swift in Sources */,
			);
			runOnlyForDeploymentPostprocessing = 0;
		};
		524E7F992420AE36005D1B27 /* Sources */ = {
			isa = PBXSourcesBuildPhase;
			buildActionMask = 2147483647;
			files = (
				5276E3FC2424A8DC005C3C84 /* MockTranslateService.swift in Sources */,
				524E7FA22420AE36005D1B27 /* TranslaterTests.swift in Sources */,
			);
			runOnlyForDeploymentPostprocessing = 0;
		};
		524E7FA42420AE36005D1B27 /* Sources */ = {
			isa = PBXSourcesBuildPhase;
			buildActionMask = 2147483647;
			files = (
				524E7FAD2420AE36005D1B27 /* TranslaterUITests.swift in Sources */,
			);
			runOnlyForDeploymentPostprocessing = 0;
		};
/* End PBXSourcesBuildPhase section */

/* Begin PBXTargetDependency section */
		524E7F9F2420AE36005D1B27 /* PBXTargetDependency */ = {
			isa = PBXTargetDependency;
			target = 524E7F862420AE35005D1B27 /* Translater */;
			targetProxy = 524E7F9E2420AE36005D1B27 /* PBXContainerItemProxy */;
		};
		524E7FAA2420AE36005D1B27 /* PBXTargetDependency */ = {
			isa = PBXTargetDependency;
			target = 524E7F862420AE35005D1B27 /* Translater */;
			targetProxy = 524E7FA92420AE36005D1B27 /* PBXContainerItemProxy */;
		};
/* End PBXTargetDependency section */

/* Begin PBXVariantGroup section */
		524E7F952420AE36005D1B27 /* LaunchScreen.storyboard */ = {
			isa = PBXVariantGroup;
			children = (
				524E7F962420AE36005D1B27 /* Base */,
			);
			name = LaunchScreen.storyboard;
			sourceTree = "<group>";
		};
/* End PBXVariantGroup section */

/* Begin XCBuildConfiguration section */
		524E7FAF2420AE36005D1B27 /* Debug */ = {
			isa = XCBuildConfiguration;
			buildSettings = {
				ALWAYS_SEARCH_USER_PATHS = NO;
				CLANG_ANALYZER_NONNULL = YES;
				CLANG_ANALYZER_NUMBER_OBJECT_CONVERSION = YES_AGGRESSIVE;
				CLANG_CXX_LANGUAGE_STANDARD = "gnu++14";
				CLANG_CXX_LIBRARY = "libc++";
				CLANG_ENABLE_MODULES = YES;
				CLANG_ENABLE_OBJC_ARC = YES;
				CLANG_ENABLE_OBJC_WEAK = YES;
				CLANG_WARN_BLOCK_CAPTURE_AUTORELEASING = YES;
				CLANG_WARN_BOOL_CONVERSION = YES;
				CLANG_WARN_COMMA = YES;
				CLANG_WARN_CONSTANT_CONVERSION = YES;
				CLANG_WARN_DEPRECATED_OBJC_IMPLEMENTATIONS = YES;
				CLANG_WARN_DIRECT_OBJC_ISA_USAGE = YES_ERROR;
				CLANG_WARN_DOCUMENTATION_COMMENTS = YES;
				CLANG_WARN_EMPTY_BODY = YES;
				CLANG_WARN_ENUM_CONVERSION = YES;
				CLANG_WARN_INFINITE_RECURSION = YES;
				CLANG_WARN_INT_CONVERSION = YES;
				CLANG_WARN_NON_LITERAL_NULL_CONVERSION = YES;
				CLANG_WARN_OBJC_IMPLICIT_RETAIN_SELF = YES;
				CLANG_WARN_OBJC_LITERAL_CONVERSION = YES;
				CLANG_WARN_OBJC_ROOT_CLASS = YES_ERROR;
				CLANG_WARN_RANGE_LOOP_ANALYSIS = YES;
				CLANG_WARN_STRICT_PROTOTYPES = YES;
				CLANG_WARN_SUSPICIOUS_MOVE = YES;
				CLANG_WARN_UNGUARDED_AVAILABILITY = YES_AGGRESSIVE;
				CLANG_WARN_UNREACHABLE_CODE = YES;
				CLANG_WARN__DUPLICATE_METHOD_MATCH = YES;
				COPY_PHASE_STRIP = NO;
				DEBUG_INFORMATION_FORMAT = dwarf;
				ENABLE_STRICT_OBJC_MSGSEND = YES;
				ENABLE_TESTABILITY = YES;
				GCC_C_LANGUAGE_STANDARD = gnu11;
				GCC_DYNAMIC_NO_PIC = NO;
				GCC_NO_COMMON_BLOCKS = YES;
				GCC_OPTIMIZATION_LEVEL = 0;
				GCC_PREPROCESSOR_DEFINITIONS = (
					"DEBUG=1",
					"$(inherited)",
				);
				GCC_WARN_64_TO_32_BIT_CONVERSION = YES;
				GCC_WARN_ABOUT_RETURN_TYPE = YES_ERROR;
				GCC_WARN_UNDECLARED_SELECTOR = YES;
				GCC_WARN_UNINITIALIZED_AUTOS = YES_AGGRESSIVE;
				GCC_WARN_UNUSED_FUNCTION = YES;
				GCC_WARN_UNUSED_VARIABLE = YES;
				IPHONEOS_DEPLOYMENT_TARGET = 13.2;
				MTL_ENABLE_DEBUG_INFO = INCLUDE_SOURCE;
				MTL_FAST_MATH = YES;
				ONLY_ACTIVE_ARCH = YES;
				SDKROOT = iphoneos;
				SWIFT_ACTIVE_COMPILATION_CONDITIONS = DEBUG;
				SWIFT_OPTIMIZATION_LEVEL = "-Onone";
			};
			name = Debug;
		};
		524E7FB02420AE36005D1B27 /* Release */ = {
			isa = XCBuildConfiguration;
			buildSettings = {
				ALWAYS_SEARCH_USER_PATHS = NO;
				CLANG_ANALYZER_NONNULL = YES;
				CLANG_ANALYZER_NUMBER_OBJECT_CONVERSION = YES_AGGRESSIVE;
				CLANG_CXX_LANGUAGE_STANDARD = "gnu++14";
				CLANG_CXX_LIBRARY = "libc++";
				CLANG_ENABLE_MODULES = YES;
				CLANG_ENABLE_OBJC_ARC = YES;
				CLANG_ENABLE_OBJC_WEAK = YES;
				CLANG_WARN_BLOCK_CAPTURE_AUTORELEASING = YES;
				CLANG_WARN_BOOL_CONVERSION = YES;
				CLANG_WARN_COMMA = YES;
				CLANG_WARN_CONSTANT_CONVERSION = YES;
				CLANG_WARN_DEPRECATED_OBJC_IMPLEMENTATIONS = YES;
				CLANG_WARN_DIRECT_OBJC_ISA_USAGE = YES_ERROR;
				CLANG_WARN_DOCUMENTATION_COMMENTS = YES;
				CLANG_WARN_EMPTY_BODY = YES;
				CLANG_WARN_ENUM_CONVERSION = YES;
				CLANG_WARN_INFINITE_RECURSION = YES;
				CLANG_WARN_INT_CONVERSION = YES;
				CLANG_WARN_NON_LITERAL_NULL_CONVERSION = YES;
				CLANG_WARN_OBJC_IMPLICIT_RETAIN_SELF = YES;
				CLANG_WARN_OBJC_LITERAL_CONVERSION = YES;
				CLANG_WARN_OBJC_ROOT_CLASS = YES_ERROR;
				CLANG_WARN_RANGE_LOOP_ANALYSIS = YES;
				CLANG_WARN_STRICT_PROTOTYPES = YES;
				CLANG_WARN_SUSPICIOUS_MOVE = YES;
				CLANG_WARN_UNGUARDED_AVAILABILITY = YES_AGGRESSIVE;
				CLANG_WARN_UNREACHABLE_CODE = YES;
				CLANG_WARN__DUPLICATE_METHOD_MATCH = YES;
				COPY_PHASE_STRIP = NO;
				DEBUG_INFORMATION_FORMAT = "dwarf-with-dsym";
				ENABLE_NS_ASSERTIONS = NO;
				ENABLE_STRICT_OBJC_MSGSEND = YES;
				GCC_C_LANGUAGE_STANDARD = gnu11;
				GCC_NO_COMMON_BLOCKS = YES;
				GCC_WARN_64_TO_32_BIT_CONVERSION = YES;
				GCC_WARN_ABOUT_RETURN_TYPE = YES_ERROR;
				GCC_WARN_UNDECLARED_SELECTOR = YES;
				GCC_WARN_UNINITIALIZED_AUTOS = YES_AGGRESSIVE;
				GCC_WARN_UNUSED_FUNCTION = YES;
				GCC_WARN_UNUSED_VARIABLE = YES;
				IPHONEOS_DEPLOYMENT_TARGET = 13.2;
				MTL_ENABLE_DEBUG_INFO = NO;
				MTL_FAST_MATH = YES;
				SDKROOT = iphoneos;
				SWIFT_COMPILATION_MODE = wholemodule;
				SWIFT_OPTIMIZATION_LEVEL = "-O";
				VALIDATE_PRODUCT = YES;
			};
			name = Release;
		};
		524E7FB22420AE36005D1B27 /* Debug */ = {
			isa = XCBuildConfiguration;
			buildSettings = {
				ASSETCATALOG_COMPILER_APPICON_NAME = AppIcon;
				CODE_SIGN_STYLE = Automatic;
				ENABLE_PREVIEWS = YES;
				FRAMEWORK_SEARCH_PATHS = (
					"$(inherited)",
					"$(PROJECT_DIR)/Carthage/Build/iOS",
				);
				INFOPLIST_FILE = Translater/SupportingFiles/Info.plist;
				LD_RUNPATH_SEARCH_PATHS = (
					"$(inherited)",
					"@executable_path/Frameworks",
				);
				PRODUCT_BUNDLE_IDENTIFIER = com.umbrella.Translater;
				PRODUCT_NAME = "$(TARGET_NAME)";
				SWIFT_VERSION = 5.0;
				TARGETED_DEVICE_FAMILY = "1,2";
			};
			name = Debug;
		};
		524E7FB32420AE36005D1B27 /* Release */ = {
			isa = XCBuildConfiguration;
			buildSettings = {
				ASSETCATALOG_COMPILER_APPICON_NAME = AppIcon;
				CODE_SIGN_STYLE = Automatic;
				ENABLE_PREVIEWS = YES;
				FRAMEWORK_SEARCH_PATHS = (
					"$(inherited)",
					"$(PROJECT_DIR)/Carthage/Build/iOS",
				);
				INFOPLIST_FILE = Translater/SupportingFiles/Info.plist;
				LD_RUNPATH_SEARCH_PATHS = (
					"$(inherited)",
					"@executable_path/Frameworks",
				);
				PRODUCT_BUNDLE_IDENTIFIER = com.umbrella.Translater;
				PRODUCT_NAME = "$(TARGET_NAME)";
				SWIFT_VERSION = 5.0;
				TARGETED_DEVICE_FAMILY = "1,2";
			};
			name = Release;
		};
		524E7FB52420AE36005D1B27 /* Debug */ = {
			isa = XCBuildConfiguration;
			buildSettings = {
				ALWAYS_EMBED_SWIFT_STANDARD_LIBRARIES = YES;
				BUNDLE_LOADER = "$(TEST_HOST)";
				CODE_SIGN_STYLE = Automatic;
				INFOPLIST_FILE = TranslaterTests/Info.plist;
				IPHONEOS_DEPLOYMENT_TARGET = 13.2;
				LD_RUNPATH_SEARCH_PATHS = (
					"$(inherited)",
					"@executable_path/Frameworks",
					"@loader_path/Frameworks",
				);
				PRODUCT_BUNDLE_IDENTIFIER = com.umbrella.TranslaterTests;
				PRODUCT_NAME = "$(TARGET_NAME)";
				SWIFT_VERSION = 5.0;
				TARGETED_DEVICE_FAMILY = "1,2";
				TEST_HOST = "$(BUILT_PRODUCTS_DIR)/Translater.app/Translater";
			};
			name = Debug;
		};
		524E7FB62420AE36005D1B27 /* Release */ = {
			isa = XCBuildConfiguration;
			buildSettings = {
				ALWAYS_EMBED_SWIFT_STANDARD_LIBRARIES = YES;
				BUNDLE_LOADER = "$(TEST_HOST)";
				CODE_SIGN_STYLE = Automatic;
				INFOPLIST_FILE = TranslaterTests/Info.plist;
				IPHONEOS_DEPLOYMENT_TARGET = 13.2;
				LD_RUNPATH_SEARCH_PATHS = (
					"$(inherited)",
					"@executable_path/Frameworks",
					"@loader_path/Frameworks",
				);
				PRODUCT_BUNDLE_IDENTIFIER = com.umbrella.TranslaterTests;
				PRODUCT_NAME = "$(TARGET_NAME)";
				SWIFT_VERSION = 5.0;
				TARGETED_DEVICE_FAMILY = "1,2";
				TEST_HOST = "$(BUILT_PRODUCTS_DIR)/Translater.app/Translater";
			};
			name = Release;
		};
		524E7FB82420AE36005D1B27 /* Debug */ = {
			isa = XCBuildConfiguration;
			buildSettings = {
				ALWAYS_EMBED_SWIFT_STANDARD_LIBRARIES = YES;
				CODE_SIGN_STYLE = Automatic;
				INFOPLIST_FILE = TranslaterUITests/Info.plist;
				LD_RUNPATH_SEARCH_PATHS = (
					"$(inherited)",
					"@executable_path/Frameworks",
					"@loader_path/Frameworks",
				);
				PRODUCT_BUNDLE_IDENTIFIER = com.umbrella.TranslaterUITests;
				PRODUCT_NAME = "$(TARGET_NAME)";
				SWIFT_VERSION = 5.0;
				TARGETED_DEVICE_FAMILY = "1,2";
				TEST_TARGET_NAME = Translater;
			};
			name = Debug;
		};
		524E7FB92420AE36005D1B27 /* Release */ = {
			isa = XCBuildConfiguration;
			buildSettings = {
				ALWAYS_EMBED_SWIFT_STANDARD_LIBRARIES = YES;
				CODE_SIGN_STYLE = Automatic;
				INFOPLIST_FILE = TranslaterUITests/Info.plist;
				LD_RUNPATH_SEARCH_PATHS = (
					"$(inherited)",
					"@executable_path/Frameworks",
					"@loader_path/Frameworks",
				);
				PRODUCT_BUNDLE_IDENTIFIER = com.umbrella.TranslaterUITests;
				PRODUCT_NAME = "$(TARGET_NAME)";
				SWIFT_VERSION = 5.0;
				TARGETED_DEVICE_FAMILY = "1,2";
				TEST_TARGET_NAME = Translater;
			};
			name = Release;
		};
/* End XCBuildConfiguration section */

/* Begin XCConfigurationList section */
		524E7F822420AE35005D1B27 /* Build configuration list for PBXProject "Translater" */ = {
			isa = XCConfigurationList;
			buildConfigurations = (
				524E7FAF2420AE36005D1B27 /* Debug */,
				524E7FB02420AE36005D1B27 /* Release */,
			);
			defaultConfigurationIsVisible = 0;
			defaultConfigurationName = Release;
		};
		524E7FB12420AE36005D1B27 /* Build configuration list for PBXNativeTarget "Translater" */ = {
			isa = XCConfigurationList;
			buildConfigurations = (
				524E7FB22420AE36005D1B27 /* Debug */,
				524E7FB32420AE36005D1B27 /* Release */,
			);
			defaultConfigurationIsVisible = 0;
			defaultConfigurationName = Release;
		};
		524E7FB42420AE36005D1B27 /* Build configuration list for PBXNativeTarget "TranslaterTests" */ = {
			isa = XCConfigurationList;
			buildConfigurations = (
				524E7FB52420AE36005D1B27 /* Debug */,
				524E7FB62420AE36005D1B27 /* Release */,
			);
			defaultConfigurationIsVisible = 0;
			defaultConfigurationName = Release;
		};
		524E7FB72420AE36005D1B27 /* Build configuration list for PBXNativeTarget "TranslaterUITests" */ = {
			isa = XCConfigurationList;
			buildConfigurations = (
				524E7FB82420AE36005D1B27 /* Debug */,
				524E7FB92420AE36005D1B27 /* Release */,
			);
			defaultConfigurationIsVisible = 0;
			defaultConfigurationName = Release;
		};
/* End XCConfigurationList section */
	};
	rootObject = 524E7F7F2420AE35005D1B27 /* Project object */;
}
